
Microsoft Visual Studio Solution File, Format Version 12.00
# Visual Studio Version 17
VisualStudioVersion = 17.0.31912.275
MinimumVisualStudioVersion = 10.0.40219.1
Project("{FAE04EC0-301F-11D3-BF4B-00C04F79EFBC}") = "JednaciMistnost", "JednaciMistnost\JednaciMistnost.csproj", "{FF86F275-DD57-49F6-994B-794DA0DED5B7}"
EndProject
Project("{9A19103F-16F7-4668-BE54-9A1E7A4F7556}") = "NahodnaMelodie", "NahodnaMelodie\NahodnaMelodie.csproj", "{BE87DCCD-1050-4B78-8E93-04F0112D2C07}"
EndProject
Project("{9A19103F-16F7-4668-BE54-9A1E7A4F7556}") = "Formatovani", "Formatovani\Formatovani.csproj", "{F6C99758-56DB-4712-9B3E-3F0E144C0C6E}"
EndProject
Project("{9A19103F-16F7-4668-BE54-9A1E7A4F7556}") = "Nastaveni", "Nastaveni\Nastaveni.csproj", "{DF79DC2E-9303-45F3-A090-6681E668E4D1}"
EndProject
Project("{9A19103F-16F7-4668-BE54-9A1E7A4F7556}") = "Kurzor", "Kurzor\Kurzor.csproj", "{806BA95D-4E67-4661-A198-2B96B4E92B01}"
EndProject
Project("{9A19103F-16F7-4668-BE54-9A1E7A4F7556}") = "InputAnalysis", "InputAnalysis\InputAnalysis.csproj", "{A52E10E2-FA5F-4239-8C29-AB61F1650BD2}"
EndProject
Project("{9A19103F-16F7-4668-BE54-9A1E7A4F7556}") = "AudioOutput", "AudioOutput\AudioOutput.csproj", "{B6331F25-6112-430F-8D3B-E46163D12EBC}"
EndProject
Global
	GlobalSection(SolutionConfigurationPlatforms) = preSolution
		Debug|Any CPU = Debug|Any CPU
		Release|Any CPU = Release|Any CPU
	EndGlobalSection
	GlobalSection(ProjectConfigurationPlatforms) = postSolution
		{FF86F275-DD57-49F6-994B-794DA0DED5B7}.Debug|Any CPU.ActiveCfg = Debug|Any CPU
		{FF86F275-DD57-49F6-994B-794DA0DED5B7}.Debug|Any CPU.Build.0 = Debug|Any CPU
		{FF86F275-DD57-49F6-994B-794DA0DED5B7}.Release|Any CPU.ActiveCfg = Release|Any CPU
		{FF86F275-DD57-49F6-994B-794DA0DED5B7}.Release|Any CPU.Build.0 = Release|Any CPU
		{BE87DCCD-1050-4B78-8E93-04F0112D2C07}.Debug|Any CPU.ActiveCfg = Debug|Any CPU
		{BE87DCCD-1050-4B78-8E93-04F0112D2C07}.Debug|Any CPU.Build.0 = Debug|Any CPU
		{BE87DCCD-1050-4B78-8E93-04F0112D2C07}.Release|Any CPU.ActiveCfg = Release|Any CPU
		{BE87DCCD-1050-4B78-8E93-04F0112D2C07}.Release|Any CPU.Build.0 = Release|Any CPU
		{F6C99758-56DB-4712-9B3E-3F0E144C0C6E}.Debug|Any CPU.ActiveCfg = Debug|Any CPU
		{F6C99758-56DB-4712-9B3E-3F0E144C0C6E}.Debug|Any CPU.Build.0 = Debug|Any CPU
		{F6C99758-56DB-4712-9B3E-3F0E144C0C6E}.Release|Any CPU.ActiveCfg = Release|Any CPU
		{F6C99758-56DB-4712-9B3E-3F0E144C0C6E}.Release|Any CPU.Build.0 = Release|Any CPU
		{DF79DC2E-9303-45F3-A090-6681E668E4D1}.Debug|Any CPU.ActiveCfg = Debug|Any CPU
		{DF79DC2E-9303-45F3-A090-6681E668E4D1}.Debug|Any CPU.Build.0 = Debug|Any CPU
		{DF79DC2E-9303-45F3-A090-6681E668E4D1}.Release|Any CPU.ActiveCfg = Release|Any CPU
		{DF79DC2E-9303-45F3-A090-6681E668E4D1}.Release|Any CPU.Build.0 = Release|Any CPU
		{806BA95D-4E67-4661-A198-2B96B4E92B01}.Debug|Any CPU.ActiveCfg = Debug|Any CPU
		{806BA95D-4E67-4661-A198-2B96B4E92B01}.Debug|Any CPU.Build.0 = Debug|Any CPU
		{806BA95D-4E67-4661-A198-2B96B4E92B01}.Release|Any CPU.ActiveCfg = Release|Any CPU
		{806BA95D-4E67-4661-A198-2B96B4E92B01}.Release|Any CPU.Build.0 = Release|Any CPU
		{A52E10E2-FA5F-4239-8C29-AB61F1650BD2}.Debug|Any CPU.ActiveCfg = Debug|Any CPU
		{A52E10E2-FA5F-4239-8C29-AB61F1650BD2}.Debug|Any CPU.Build.0 = Debug|Any CPU
		{A52E10E2-FA5F-4239-8C29-AB61F1650BD2}.Release|Any CPU.ActiveCfg = Release|Any CPU
		{A52E10E2-FA5F-4239-8C29-AB61F1650BD2}.Release|Any CPU.Build.0 = Release|Any CPU
		{B6331F25-6112-430F-8D3B-E46163D12EBC}.Debug|Any CPU.ActiveCfg = Debug|Any CPU
		{B6331F25-6112-430F-8D3B-E46163D12EBC}.Debug|Any CPU.Build.0 = Debug|Any CPU
		{B6331F25-6112-430F-8D3B-E46163D12EBC}.Release|Any CPU.ActiveCfg = Release|Any CPU
		{B6331F25-6112-430F-8D3B-E46163D12EBC}.Release|Any CPU.Build.0 = Release|Any CPU
	EndGlobalSection
	GlobalSection(SolutionProperties) = preSolution
		HideSolutionNode = FALSE
	EndGlobalSection
	GlobalSection(ExtensibilityGlobals) = postSolution
		SolutionGuid = {255EE419-3CA3-4713-8679-25D9BD05179C}
	EndGlobalSection
EndGlobal
