
Microsoft Visual Studio Solution File, Format Version 12.00
# Visual Studio Version 17
VisualStudioVersion = 17.0.31912.275
MinimumVisualStudioVersion = 10.0.40219.1
Project("{9A19103F-16F7-4668-BE54-9A1E7A4F7556}") = "InputAnalysis", "InputAnalysis\InputAnalysis.csproj", "{A52E10E2-FA5F-4239-8C29-AB61F1650BD2}"
EndProject
Project("{9A19103F-16F7-4668-BE54-9A1E7A4F7556}") = "AudioOutput", "AudioOutput\AudioOutput.csproj", "{B6331F25-6112-430F-8D3B-E46163D12EBC}"
EndProject
Project("{9A19103F-16F7-4668-BE54-9A1E7A4F7556}") = "Formatting", "Formatting\Formatting.csproj", "{7A68FFD5-85DC-4B04-AF25-13E5BEA39669}"
EndProject
Project("{9A19103F-16F7-4668-BE54-9A1E7A4F7556}") = "ConsoleSetting", "ConsoleSetting\ConsoleSetting.csproj", "{0D30EB64-F97D-4A56-A0E3-17DCC41F301D}"
EndProject
Project("{FAE04EC0-301F-11D3-BF4B-00C04F79EFBC}") = "MeetingRoom", "MeetingRoom\MeetingRoom.csproj", "{FF86F275-DD57-49F6-994B-794DA0DED5B7}"
EndProject
Project("{9A19103F-16F7-4668-BE54-9A1E7A4F7556}") = "CursorSettings", "CursorSettings\CursorSettings.csproj", "{C22B9CA7-066B-4666-B9A3-18EF7E50F302}"
EndProject
Project("{FAE04EC0-301F-11D3-BF4B-00C04F79EFBC}") = "Colors", "Colors\Colors.csproj", "{2D38F614-23E7-4DDD-B6BA-01AC9B9BE931}"
EndProject
Global
	GlobalSection(SolutionConfigurationPlatforms) = preSolution
		Debug|Any CPU = Debug|Any CPU
		Release|Any CPU = Release|Any CPU
	EndGlobalSection
	GlobalSection(ProjectConfigurationPlatforms) = postSolution
		{A52E10E2-FA5F-4239-8C29-AB61F1650BD2}.Debug|Any CPU.ActiveCfg = Debug|Any CPU
		{A52E10E2-FA5F-4239-8C29-AB61F1650BD2}.Debug|Any CPU.Build.0 = Debug|Any CPU
		{A52E10E2-FA5F-4239-8C29-AB61F1650BD2}.Release|Any CPU.ActiveCfg = Release|Any CPU
		{A52E10E2-FA5F-4239-8C29-AB61F1650BD2}.Release|Any CPU.Build.0 = Release|Any CPU
		{B6331F25-6112-430F-8D3B-E46163D12EBC}.Debug|Any CPU.ActiveCfg = Debug|Any CPU
		{B6331F25-6112-430F-8D3B-E46163D12EBC}.Debug|Any CPU.Build.0 = Debug|Any CPU
		{B6331F25-6112-430F-8D3B-E46163D12EBC}.Release|Any CPU.ActiveCfg = Release|Any CPU
		{B6331F25-6112-430F-8D3B-E46163D12EBC}.Release|Any CPU.Build.0 = Release|Any CPU
		{7A68FFD5-85DC-4B04-AF25-13E5BEA39669}.Debug|Any CPU.ActiveCfg = Debug|Any CPU
		{7A68FFD5-85DC-4B04-AF25-13E5BEA39669}.Debug|Any CPU.Build.0 = Debug|Any CPU
		{7A68FFD5-85DC-4B04-AF25-13E5BEA39669}.Release|Any CPU.ActiveCfg = Release|Any CPU
		{7A68FFD5-85DC-4B04-AF25-13E5BEA39669}.Release|Any CPU.Build.0 = Release|Any CPU
		{0D30EB64-F97D-4A56-A0E3-17DCC41F301D}.Debug|Any CPU.ActiveCfg = Debug|Any CPU
		{0D30EB64-F97D-4A56-A0E3-17DCC41F301D}.Debug|Any CPU.Build.0 = Debug|Any CPU
		{0D30EB64-F97D-4A56-A0E3-17DCC41F301D}.Release|Any CPU.ActiveCfg = Release|Any CPU
		{0D30EB64-F97D-4A56-A0E3-17DCC41F301D}.Release|Any CPU.Build.0 = Release|Any CPU
		{FF86F275-DD57-49F6-994B-794DA0DED5B7}.Debug|Any CPU.ActiveCfg = Debug|Any CPU
		{FF86F275-DD57-49F6-994B-794DA0DED5B7}.Debug|Any CPU.Build.0 = Debug|Any CPU
		{FF86F275-DD57-49F6-994B-794DA0DED5B7}.Release|Any CPU.ActiveCfg = Release|Any CPU
		{FF86F275-DD57-49F6-994B-794DA0DED5B7}.Release|Any CPU.Build.0 = Release|Any CPU
		{C22B9CA7-066B-4666-B9A3-18EF7E50F302}.Debug|Any CPU.ActiveCfg = Debug|Any CPU
		{C22B9CA7-066B-4666-B9A3-18EF7E50F302}.Debug|Any CPU.Build.0 = Debug|Any CPU
		{C22B9CA7-066B-4666-B9A3-18EF7E50F302}.Release|Any CPU.ActiveCfg = Release|Any CPU
		{C22B9CA7-066B-4666-B9A3-18EF7E50F302}.Release|Any CPU.Build.0 = Release|Any CPU
		{2D38F614-23E7-4DDD-B6BA-01AC9B9BE931}.Debug|Any CPU.ActiveCfg = Debug|Any CPU
		{2D38F614-23E7-4DDD-B6BA-01AC9B9BE931}.Debug|Any CPU.Build.0 = Debug|Any CPU
		{2D38F614-23E7-4DDD-B6BA-01AC9B9BE931}.Release|Any CPU.ActiveCfg = Release|Any CPU
		{2D38F614-23E7-4DDD-B6BA-01AC9B9BE931}.Release|Any CPU.Build.0 = Release|Any CPU
	EndGlobalSection
	GlobalSection(SolutionProperties) = preSolution
		HideSolutionNode = FALSE
	EndGlobalSection
	GlobalSection(ExtensibilityGlobals) = postSolution
		SolutionGuid = {255EE419-3CA3-4713-8679-25D9BD05179C}
	EndGlobalSection
EndGlobal
